
Microsoft Visual Studio Solution File, Format Version 12.00
# Visual Studio Version 16
VisualStudioVersion = 16.0.30804.86
MinimumVisualStudioVersion = 10.0.40219.1
Project("{9A19103F-16F7-4668-BE54-9A1E7A4F7556}") = "OpendorseWebMvc", "OpendorseWebMvc.csproj", "{5141D234-0C7C-4B3F-B9A7-FB4665460EA2}"
EndProject
Project("{FAE04EC0-301F-11D3-BF4B-00C04F79EFBC}") = "OpendorseWebMvc.Tests", "..\OpendorseWebMvc.Tests\OpendorseWebMvc.Tests.csproj", "{468A6916-2694-472B-8F12-10E88D38E894}"
EndProject
Global
	GlobalSection(SolutionConfigurationPlatforms) = preSolution
		Debug|Any CPU = Debug|Any CPU
		Release|Any CPU = Release|Any CPU
	EndGlobalSection
	GlobalSection(ProjectConfigurationPlatforms) = postSolution
		{5141D234-0C7C-4B3F-B9A7-FB4665460EA2}.Debug|Any CPU.ActiveCfg = Debug|Any CPU
		{5141D234-0C7C-4B3F-B9A7-FB4665460EA2}.Debug|Any CPU.Build.0 = Debug|Any CPU
		{5141D234-0C7C-4B3F-B9A7-FB4665460EA2}.Release|Any CPU.ActiveCfg = Release|Any CPU
		{5141D234-0C7C-4B3F-B9A7-FB4665460EA2}.Release|Any CPU.Build.0 = Release|Any CPU
		{468A6916-2694-472B-8F12-10E88D38E894}.Debug|Any CPU.ActiveCfg = Debug|Any CPU
		{468A6916-2694-472B-8F12-10E88D38E894}.Debug|Any CPU.Build.0 = Debug|Any CPU
		{468A6916-2694-472B-8F12-10E88D38E894}.Release|Any CPU.ActiveCfg = Release|Any CPU
		{468A6916-2694-472B-8F12-10E88D38E894}.Release|Any CPU.Build.0 = Release|Any CPU
	EndGlobalSection
	GlobalSection(SolutionProperties) = preSolution
		HideSolutionNode = FALSE
	EndGlobalSection
	GlobalSection(ExtensibilityGlobals) = postSolution
		SolutionGuid = {09D2AEFE-6EEB-44C9-AB4D-ADB1A39DFEDB}
	EndGlobalSection
EndGlobal
